PODS:
  - GiniCapture (1.0.3):
    - GiniCapture/Core (= 1.0.3)
  - GiniCapture/Core (1.0.3)
  - GiniPayApiLib/DocumentsAPI (1.0.8)
  - GiniPayApiLib/Pinning (1.0.8):
    - GiniPayApiLib/DocumentsAPI
    - TrustKit (~> 1.6)
  - GiniPayBusiness (1.0.6):
    - GiniPayBusiness/Core (= 1.0.6)
  - GiniPayBusiness/Core (1.0.6):
    - GiniPayApiLib/DocumentsAPI (>= 1.0.3)
    - GiniPayApiLib/Pinning (>= 1.0.3)
  - GiniPayBusiness/Tests (1.0.6)
  - TrustKit (1.6.5)

DEPENDENCIES:
  - GiniCapture
  - GiniPayBusiness (from `../`)
  - GiniPayBusiness/Tests (from `../`)

SPEC REPOS:
  https://github.com/CocoaPods/Specs.git:
    - TrustKit
  https://github.com/gini/gini-podspecs.git:
    - GiniCapture
    - GiniPayApiLib

EXTERNAL SOURCES:
  GiniPayBusiness:
    :path: "../"

SPEC CHECKSUMS:
  GiniCapture: b0ec93afd659bd399066a909a16c034be26149cf
  GiniPayApiLib: 5fc8b6b4fa0448e9e1e226618ea7f2d1658ff20c
  GiniPayBusiness: f21b3083ad9f529f1a0f2ccf5b5485d857a7d11a
  TrustKit: 073855e3adecd317417bda4ac9e9ac54a2e3b9f2

PODFILE CHECKSUM: 4267a2740526f61855ceeb873d795ef5016db76b

COCOAPODS: 1.10.1
