PODS:
  - GiniCapture (1.0.6):
    - GiniCapture/Core (= 1.0.6)
  - GiniCapture/Core (1.0.6)
  - GiniPayApiLib/DocumentsAPI (1.0.9)
  - GiniPayApiLib/Pinning (1.0.9):
    - GiniPayApiLib/DocumentsAPI
    - TrustKit (~> 1.6)
  - GiniPayBusiness (1.0.8):
    - GiniPayBusiness/Core (= 1.0.8)
  - GiniPayBusiness/Core (1.0.8):
    - GiniPayApiLib/DocumentsAPI (>= 1.0.3)
    - GiniPayApiLib/Pinning (>= 1.0.3)
  - GiniPayBusiness/Tests (1.0.8)
  - TrustKit (1.6.5)

DEPENDENCIES:
  - GiniCapture
  - GiniPayBusiness (from `../`)
  - GiniPayBusiness/Tests (from `../`)

SPEC REPOS:
  https://github.com/CocoaPods/Specs.git:
    - TrustKit
  https://github.com/gini/gini-podspecs.git:
    - GiniCapture
    - GiniPayApiLib

EXTERNAL SOURCES:
  GiniPayBusiness:
    :path: "../"

SPEC CHECKSUMS:
  GiniCapture: e5081746e014243890d97b9d7a72565769131736
  GiniPayApiLib: 8c668c4c8f4b9a424a950f9cbe6907dca6eb8c78
  GiniPayBusiness: 0fa40fda7912ba5333f4c2788bf9d594b147865b
  TrustKit: 073855e3adecd317417bda4ac9e9ac54a2e3b9f2

PODFILE CHECKSUM: 4267a2740526f61855ceeb873d795ef5016db76b

COCOAPODS: 1.11.0.beta.2
